
Microsoft Visual Studio Solution File, Format Version 12.00
# Visual Studio 15
Project("{FAE04EC0-301F-11D3-BF4B-00C04F79EFBC}") = "Assembly-CSharp", "Assembly-CSharp.csproj", "{01A10981-38DF-A066-DAD8-99FB573E807D}"
EndProject
Project("{FAE04EC0-301F-11D3-BF4B-00C04F79EFBC}") = "Assembly-CSharp-firstpass", "Assembly-CSharp-firstpass.csproj", "{9B2528D9-BCE1-A7C3-E8CB-89B6FFF11144}"
EndProject
Global
	GlobalSection(SolutionConfigurationPlatforms) = preSolution
		Debug|Any CPU = Debug|Any CPU
		Release|Any CPU = Release|Any CPU
	EndGlobalSection
	GlobalSection(ProjectConfigurationPlatforms) = postSolution
		{01A10981-38DF-A066-DAD8-99FB573E807D}.Debug|Any CPU.ActiveCfg = Debug|Any CPU
		{01A10981-38DF-A066-DAD8-99FB573E807D}.Debug|Any CPU.Build.0 = Debug|Any CPU
		{01A10981-38DF-A066-DAD8-99FB573E807D}.Release|Any CPU.ActiveCfg = Release|Any CPU
		{01A10981-38DF-A066-DAD8-99FB573E807D}.Release|Any CPU.Build.0 = Release|Any CPU
		{9B2528D9-BCE1-A7C3-E8CB-89B6FFF11144}.Debug|Any CPU.ActiveCfg = Debug|Any CPU
		{9B2528D9-BCE1-A7C3-E8CB-89B6FFF11144}.Debug|Any CPU.Build.0 = Debug|Any CPU
		{9B2528D9-BCE1-A7C3-E8CB-89B6FFF11144}.Release|Any CPU.ActiveCfg = Release|Any CPU
		{9B2528D9-BCE1-A7C3-E8CB-89B6FFF11144}.Release|Any CPU.Build.0 = Release|Any CPU
	EndGlobalSection
	GlobalSection(SolutionProperties) = preSolution
		HideSolutionNode = FALSE
	EndGlobalSection
EndGlobal
